lockfileVersion: '6.0'

dependencies:
  '@popperjs/core':
    specifier: ^2.11.6
    version: 2.11.7
  bootstrap:
    specifier: ^5.2.3
    version: 5.2.3(@popperjs/core@2.11.7)
  fullcalendar:
    specifier: ^6.1.7
    version: 6.1.7
  jquery:
    specifier: ^3.6.4
    version: 3.6.4

packages:

  /@fullcalendar/core@6.1.8:
    resolution: {integrity: sha512-i8JBIvZCWGO9dsMEDcx9bnsQZ9PtGSJdOXGgWbhLaGq2iq41OBdp9g9gM4b/Otv2oK8bL5Gl6CsMmb/HkDtA6Q==}
    dependencies:
      preact: 10.12.1
    dev: false

  /@fullcalendar/daygrid@6.1.8(@fullcalendar/core@6.1.8):
    resolution: {integrity: sha512-kCZxQFKb9Vqa3CZRX0v7rMSJ2mlTt4gDpyLfiNJKxUAq7W51uKurPaFZWicaXy1ESHVBxKNlbx5uNjBpyu50JQ==}
    peerDependencies:
      '@fullcalendar/core': ~6.1.8
    dependencies:
      '@fullcalendar/core': 6.1.8
    dev: false

  /@fullcalendar/interaction@6.1.8(@fullcalendar/core@6.1.8):
    resolution: {integrity: sha512-r6W4E9ohaA87M2uPSlmpE2WT7Fzu7LN0u2pE6D/tThruCEaAPbN8Pw5+sqclsuyTIL09mg0eSJm/ggJekTabSA==}
    peerDependencies:
      '@fullcalendar/core': ~6.1.8
    dependencies:
      '@fullcalendar/core': 6.1.8
    dev: false

  /@fullcalendar/list@6.1.8(@fullcalendar/core@6.1.8):
    resolution: {integrity: sha512-10N0T/vCtId1cE3JGLpnbAivWVnaWCCkVO7wmbsyr5Y+I939kr/zq4BUNwBoP/xSFVVxx59FETh3iyA+MkV8Fw==}
    peerDependencies:
      '@fullcalendar/core': ~6.1.8
    dependencies:
      '@fullcalendar/core': 6.1.8
    dev: false

  /@fullcalendar/multimonth@6.1.8(@fullcalendar/core@6.1.8):
    resolution: {integrity: sha512-3F0NlncQTfeE9x5ICxh/M9DaSdY6XjgM1NazY8k+d6ukd1jthHI7vs6j7tXJI9eGUKs3DNNEyzN/LoP06SIyKw==}
    peerDependencies:
      '@fullcalendar/core': ~6.1.8
    dependencies:
      '@fullcalendar/core': 6.1.8
      '@fullcalendar/daygrid': 6.1.8(@fullcalendar/core@6.1.8)
    dev: false

  /@fullcalendar/timegrid@6.1.8(@fullcalendar/core@6.1.8):
    resolution: {integrity: sha512-3+3KHHCoNcaLs/gQt004hAqICbY5+WAffrZ0ePv+80HFB1OVh8BQ5XXLHSOUbTvXdgtUTcfBHuw9fhO31kt5gA==}
    peerDependencies:
      '@fullcalendar/core': ~6.1.8
    dependencies:
      '@fullcalendar/core': 6.1.8
      '@fullcalendar/daygrid': 6.1.8(@fullcalendar/core@6.1.8)
    dev: false

  /@popperjs/core@2.11.7:
    resolution: {integrity: sha512-Cr4OjIkipTtcXKjAsm8agyleBuDHvxzeBoa1v543lbv1YaIwQjESsVcmjiWiPEbC1FIeHOG/Op9kdCmAmiS3Kw==}
    dev: false

  /bootstrap@5.2.3(@popperjs/core@2.11.7):
    resolution: {integrity: sha512-cEKPM+fwb3cT8NzQZYEu4HilJ3anCrWqh3CHAok1p9jXqMPsPTBhU25fBckEJHJ/p+tTxTFTsFQGM+gaHpi3QQ==}
    peerDependencies:
      '@popperjs/core': ^2.11.6
    dependencies:
      '@popperjs/core': 2.11.7
    dev: false

  /fullcalendar@6.1.7:
    resolution: {integrity: sha512-e4KF/wf0gOilgDRAhOOJZrAzzPqDDAGF0SogyM0rTrZvn4HgC3ZL9CfBttc4juMMnmKQGNcGt649+ZnG+zxUTA==}
    dependencies:
      '@fullcalendar/core': 6.1.8
      '@fullcalendar/daygrid': 6.1.8(@fullcalendar/core@6.1.8)
      '@fullcalendar/interaction': 6.1.8(@fullcalendar/core@6.1.8)
      '@fullcalendar/list': 6.1.8(@fullcalendar/core@6.1.8)
      '@fullcalendar/multimonth': 6.1.8(@fullcalendar/core@6.1.8)
      '@fullcalendar/timegrid': 6.1.8(@fullcalendar/core@6.1.8)
    dev: false

  /jquery@3.6.4:
    resolution: {integrity: sha512-v28EW9DWDFpzcD9O5iyJXg3R3+q+mET5JhnjJzQUZMHOv67bpSIHq81GEYpPNZHG+XXHsfSme3nxp/hndKEcsQ==}
    dev: false

  /preact@10.12.1:
    resolution: {integrity: sha512-l8386ixSsBdbreOAkqtrwqHwdvR35ID8c3rKPa8lCWuO86dBi32QWHV4vfsZK1utLLFMvw+Z5Ad4XLkZzchscg==}
    dev: false
